
Microsoft Visual Studio Solution File, Format Version 12.00
# Visual Studio Version 17
VisualStudioVersion = 17.9.34902.65
MinimumVisualStudioVersion = 10.0.40219.1
Project("{9A19103F-16F7-4668-BE54-9A1E7A4F7556}") = "TraversalCoreProje", "TraversalCoreProje\TraversalCoreProje.csproj", "{60CE132F-FA2C-4BD3-B16F-45023537045D}"
EndProject
Project("{9A19103F-16F7-4668-BE54-9A1E7A4F7556}") = "EntityLayer", "EntityLayer\EntityLayer.csproj", "{FD73EA3C-01D7-41F9-A779-CC7F8CDCF572}"
EndProject
Project("{9A19103F-16F7-4668-BE54-9A1E7A4F7556}") = "DataAccessLayer", "DataAccessLayer\DataAccessLayer.csproj", "{0F876D3B-C7A1-4F70-A1EB-2A989037011F}"
EndProject
Project("{9A19103F-16F7-4668-BE54-9A1E7A4F7556}") = "BusinessLayer", "BusinessLayer\BusinessLayer.csproj", "{124A5D62-0806-47AB-83F2-9239EB1AB5AA}"
EndProject
Project("{FAE04EC0-301F-11D3-BF4B-00C04F79EFBC}") = "DTOLayer", "DTOLayer\DTOLayer.csproj", "{F23DA1E9-46D6-4E73-B02B-C7EBA286A63B}"
EndProject
Project("{FAE04EC0-301F-11D3-BF4B-00C04F79EFBC}") = "SignalRApi", "SignalRApi\SignalRApi.csproj", "{598190C5-6EEB-4282-8CF2-B2A9AFC89EDB}"
EndProject
Project("{FAE04EC0-301F-11D3-BF4B-00C04F79EFBC}") = "SignalRConsume", "SignalRConsume\SignalRConsume.csproj", "{2B258EEE-09E3-43E0-A8EF-B78A06B8E4CD}"
EndProject
Project("{FAE04EC0-301F-11D3-BF4B-00C04F79EFBC}") = "SignalRApiForSql", "SignalRApiForSql\SignalRApiForSql.csproj", "{CED5C345-AD54-4545-AF41-2277A5F8039A}"
EndProject
Global
	GlobalSection(SolutionConfigurationPlatforms) = preSolution
		Debug|Any CPU = Debug|Any CPU
		Release|Any CPU = Release|Any CPU
	EndGlobalSection
	GlobalSection(ProjectConfigurationPlatforms) = postSolution
		{60CE132F-FA2C-4BD3-B16F-45023537045D}.Debug|Any CPU.ActiveCfg = Debug|Any CPU
		{60CE132F-FA2C-4BD3-B16F-45023537045D}.Debug|Any CPU.Build.0 = Debug|Any CPU
		{60CE132F-FA2C-4BD3-B16F-45023537045D}.Release|Any CPU.ActiveCfg = Release|Any CPU
		{60CE132F-FA2C-4BD3-B16F-45023537045D}.Release|Any CPU.Build.0 = Release|Any CPU
		{FD73EA3C-01D7-41F9-A779-CC7F8CDCF572}.Debug|Any CPU.ActiveCfg = Debug|Any CPU
		{FD73EA3C-01D7-41F9-A779-CC7F8CDCF572}.Debug|Any CPU.Build.0 = Debug|Any CPU
		{FD73EA3C-01D7-41F9-A779-CC7F8CDCF572}.Release|Any CPU.ActiveCfg = Release|Any CPU
		{FD73EA3C-01D7-41F9-A779-CC7F8CDCF572}.Release|Any CPU.Build.0 = Release|Any CPU
		{0F876D3B-C7A1-4F70-A1EB-2A989037011F}.Debug|Any CPU.ActiveCfg = Debug|Any CPU
		{0F876D3B-C7A1-4F70-A1EB-2A989037011F}.Debug|Any CPU.Build.0 = Debug|Any CPU
		{0F876D3B-C7A1-4F70-A1EB-2A989037011F}.Release|Any CPU.ActiveCfg = Release|Any CPU
		{0F876D3B-C7A1-4F70-A1EB-2A989037011F}.Release|Any CPU.Build.0 = Release|Any CPU
		{124A5D62-0806-47AB-83F2-9239EB1AB5AA}.Debug|Any CPU.ActiveCfg = Debug|Any CPU
		{124A5D62-0806-47AB-83F2-9239EB1AB5AA}.Debug|Any CPU.Build.0 = Debug|Any CPU
		{124A5D62-0806-47AB-83F2-9239EB1AB5AA}.Release|Any CPU.ActiveCfg = Release|Any CPU
		{124A5D62-0806-47AB-83F2-9239EB1AB5AA}.Release|Any CPU.Build.0 = Release|Any CPU
		{F23DA1E9-46D6-4E73-B02B-C7EBA286A63B}.Debug|Any CPU.ActiveCfg = Debug|Any CPU
		{F23DA1E9-46D6-4E73-B02B-C7EBA286A63B}.Debug|Any CPU.Build.0 = Debug|Any CPU
		{F23DA1E9-46D6-4E73-B02B-C7EBA286A63B}.Release|Any CPU.ActiveCfg = Release|Any CPU
		{F23DA1E9-46D6-4E73-B02B-C7EBA286A63B}.Release|Any CPU.Build.0 = Release|Any CPU
		{598190C5-6EEB-4282-8CF2-B2A9AFC89EDB}.Debug|Any CPU.ActiveCfg = Debug|Any CPU
		{598190C5-6EEB-4282-8CF2-B2A9AFC89EDB}.Debug|Any CPU.Build.0 = Debug|Any CPU
		{598190C5-6EEB-4282-8CF2-B2A9AFC89EDB}.Release|Any CPU.ActiveCfg = Release|Any CPU
		{598190C5-6EEB-4282-8CF2-B2A9AFC89EDB}.Release|Any CPU.Build.0 = Release|Any CPU
		{2B258EEE-09E3-43E0-A8EF-B78A06B8E4CD}.Debug|Any CPU.ActiveCfg = Debug|Any CPU
		{2B258EEE-09E3-43E0-A8EF-B78A06B8E4CD}.Debug|Any CPU.Build.0 = Debug|Any CPU
		{2B258EEE-09E3-43E0-A8EF-B78A06B8E4CD}.Release|Any CPU.ActiveCfg = Release|Any CPU
		{2B258EEE-09E3-43E0-A8EF-B78A06B8E4CD}.Release|Any CPU.Build.0 = Release|Any CPU
		{CED5C345-AD54-4545-AF41-2277A5F8039A}.Debug|Any CPU.ActiveCfg = Debug|Any CPU
		{CED5C345-AD54-4545-AF41-2277A5F8039A}.Debug|Any CPU.Build.0 = Debug|Any CPU
		{CED5C345-AD54-4545-AF41-2277A5F8039A}.Release|Any CPU.ActiveCfg = Release|Any CPU
		{CED5C345-AD54-4545-AF41-2277A5F8039A}.Release|Any CPU.Build.0 = Release|Any CPU
	EndGlobalSection
	GlobalSection(SolutionProperties) = preSolution
		HideSolutionNode = FALSE
	EndGlobalSection
	GlobalSection(ExtensibilityGlobals) = postSolution
		SolutionGuid = {97D4F620-5140-4B33-98C4-3D6681214DCC}
	EndGlobalSection
EndGlobal
